
Microsoft Visual Studio Solution File, Format Version 11.00
# Visual Studio 2010
Project("{8BC9CEB8-8B4A-11D0-8D11-00A0C91BC942}") = "praktika", "praktika\praktika.vcxproj", "{F4777EB4-1D82-4E99-8CB8-A8CDE476425C}"
EndProject
Global
	GlobalSection(SolutionConfigurationPlatforms) = preSolution
		Debug|Win32 = Debug|Win32
		Release|Win32 = Release|Win32
	EndGlobalSection
	GlobalSection(ProjectConfigurationPlatforms) = postSolution
		{F4777EB4-1D82-4E99-8CB8-A8CDE476425C}.Debug|Win32.ActiveCfg = Debug|Win32
		{F4777EB4-1D82-4E99-8CB8-A8CDE476425C}.Debug|Win32.Build.0 = Debug|Win32
		{F4777EB4-1D82-4E99-8CB8-A8CDE476425C}.Release|Win32.ActiveCfg = Release|Win32
		{F4777EB4-1D82-4E99-8CB8-A8CDE476425C}.Release|Win32.Build.0 = Release|Win32
	EndGlobalSection
	GlobalSection(SolutionProperties) = preSolution
		HideSolutionNode = FALSE
	EndGlobalSection
EndGlobal
